// !$*UTF8*$!
{
	archiveVersion = 1;
	classes = {
	};
	objectVersion = 46;
	objects = {

/* Begin PBXBuildFile section */
		7E0A48801C89CCA30046D6DD /* AppDelegate.swift in Sources */ = {isa = PBXBuildFile; fileRef = 7E0A487F1C89CCA30046D6DD /* AppDelegate.swift */; };
		7E0A48821C89CCA30046D6DD /* ViewController.swift in Sources */ = {isa = PBXBuildFile; fileRef = 7E0A48811C89CCA30046D6DD /* ViewController.swift */; };
		7E0A48851C89CCA30046D6DD /* Main.storyboard in Resources */ = {isa = PBXBuildFile; fileRef = 7E0A48831C89CCA30046D6DD /* Main.storyboard */; };
		7E0A48881C89CCA30046D6DD /* movieguideapp.xcdatamodeld in Sources */ = {isa = PBXBuildFile; fileRef = 7E0A48861C89CCA30046D6DD /* movieguideapp.xcdatamodeld */; };
		7E0A488A1C89CCA30046D6DD /* Assets.xcassets in Resources */ = {isa = PBXBuildFile; fileRef = 7E0A48891C89CCA30046D6DD /* Assets.xcassets */; };
		7E0A488D1C89CCA30046D6DD /* LaunchScreen.storyboard in Resources */ = {isa = PBXBuildFile; fileRef = 7E0A488B1C89CCA30046D6DD /* LaunchScreen.storyboard */; };
/* End PBXBuildFile section */

/* Begin PBXFileReference section */
		7E0A487C1C89CCA30046D6DD /* movieguideapp.app */ = {isa = PBXFileReference; explicitFileType = wrapper.application; includeInIndex = 0; path = movieguideapp.app; sourceTree = BUILT_PRODUCTS_DIR; };
		7E0A487F1C89CCA30046D6DD /* AppDelegate.swift */ = {isa = PBXFileReference; lastKnownFileType = sourcecode.swift; path = AppDelegate.swift; sourceTree = "<group>"; };
		7E0A48811C89CCA30046D6DD /* ViewController.swift */ = {isa = PBXFileReference; lastKnownFileType = sourcecode.swift; path = ViewController.swift; sourceTree = "<group>"; };
		7E0A48841C89CCA30046D6DD /* Base */ = {isa = PBXFileReference; lastKnownFileType = file.storyboard; name = Base; path = Base.lproj/Main.storyboard; sourceTree = "<group>"; };
		7E0A48871C89CCA30046D6DD /* movieguideapp.xcdatamodel */ = {isa = PBXFileReference; lastKnownFileType = wrapper.xcdatamodel; path = movieguideapp.xcdatamodel; sourceTree = "<group>"; };
		7E0A48891C89CCA30046D6DD /* Assets.xcassets */ = {isa = PBXFileReference; lastKnownFileType = folder.assetcatalog; path = Assets.xcassets; sourceTree = "<group>"; };
		7E0A488C1C89CCA30046D6DD /* Base */ = {isa = PBXFileReference; lastKnownFileType = file.storyboard; name = Base; path = Base.lproj/LaunchScreen.storyboard; sourceTree = "<group>"; };
		7E0A488E1C89CCA30046D6DD /* Info.plist */ = {isa = PBXFileReference; lastKnownFileType = text.plist.xml; path = Info.plist; sourceTree = "<group>"; };
/* End PBXFileReference section */

/* Begin PBXFrameworksBuildPhase section */
		7E0A48791C89CCA30046D6DD /* Frameworks */ = {
			isa = PBXFrameworksBuildPhase;
			buildActionMask = 2147483647;
			files = (
			);
			runOnlyForDeploymentPostprocessing = 0;
		};
/* End PBXFrameworksBuildPhase section */

/* Begin PBXGroup section */
		7E0A48731C89CCA20046D6DD = {
			isa = PBXGroup;
			children = (
				7E0A487E1C89CCA30046D6DD /* movieguideapp */,
				7E0A487D1C89CCA30046D6DD /* Products */,
			);
			sourceTree = "<group>";
		};
		7E0A487D1C89CCA30046D6DD /* Products */ = {
			isa = PBXGroup;
			children = (
				7E0A487C1C89CCA30046D6DD /* movieguideapp.app */,
			);
			name = Products;
			sourceTree = "<group>";
		};
		7E0A487E1C89CCA30046D6DD /* movieguideapp */ = {
			isa = PBXGroup;
			children = (
				7E0A487F1C89CCA30046D6DD /* AppDelegate.swift */,
				7E0A48811C89CCA30046D6DD /* ViewController.swift */,
				7E0A48831C89CCA30046D6DD /* Main.storyboard */,
				7E0A48891C89CCA30046D6DD /* Assets.xcassets */,
				7E0A488B1C89CCA30046D6DD /* LaunchScreen.storyboard */,
				7E0A488E1C89CCA30046D6DD /* Info.plist */,
				7E0A48861C89CCA30046D6DD /* movieguideapp.xcdatamodeld */,
			);
			path = movieguideapp;
			sourceTree = "<group>";
		};
/* End PBXGroup section */

/* Begin PBXNativeTarget section */
		7E0A487B1C89CCA30046D6DD /* movieguideapp */ = {
			isa = PBXNativeTarget;
			buildConfigurationList = 7E0A48911C89CCA30046D6DD /* Build configuration list for PBXNativeTarget "movieguideapp" */;
			buildPhases = (
				7E0A48781C89CCA30046D6DD /* Sources */,
				7E0A48791C89CCA30046D6DD /* Frameworks */,
				7E0A487A1C89CCA30046D6DD /* Resources */,
			);
			buildRules = (
			);
			dependencies = (
			);
			name = movieguideapp;
			productName = movieguideapp;
			productReference = 7E0A487C1C89CCA30046D6DD /* movieguideapp.app */;
			productType = "com.apple.product-type.application";
		};
/* End PBXNativeTarget section */

/* Begin PBXProject section */
		7E0A48741C89CCA20046D6DD /* Project object */ = {
			isa = PBXProject;
			attributes = {
				LastSwiftUpdateCheck = 0720;
				LastUpgradeCheck = 0720;
				ORGANIZATIONNAME = Veedoo;
				TargetAttributes = {
					7E0A487B1C89CCA30046D6DD = {
						CreatedOnToolsVersion = 7.2;
						DevelopmentTeam = 2WA6P75QC2;
					};
				};
			};
			buildConfigurationList = 7E0A48771C89CCA20046D6DD /* Build configuration list for PBXProject "movieguideapp" */;
			compatibilityVersion = "Xcode 3.2";
			developmentRegion = English;
			hasScannedForEncodings = 0;
			knownRegions = (
				en,
				Base,
			);
			mainGroup = 7E0A48731C89CCA20046D6DD;
			productRefGroup = 7E0A487D1C89CCA30046D6DD /* Products */;
			projectDirPath = "";
			projectRoot = "";
			targets = (
				7E0A487B1C89CCA30046D6DD /* movieguideapp */,
			);
		};
/* End PBXProject section */

/* Begin PBXResourcesBuildPhase section */
		7E0A487A1C89CCA30046D6DD /* Resources */ = {
			isa = PBXResourcesBuildPhase;
			buildActionMask = 2147483647;
			files = (
				7E0A488D1C89CCA30046D6DD /* LaunchScreen.storyboard in Resources */,
				7E0A488A1C89CCA30046D6DD /* Assets.xcassets in Resources */,
				7E0A48851C89CCA30046D6DD /* Main.storyboard in Resources */,
			);
			runOnlyForDeploymentPostprocessing = 0;
		};
/* End PBXResourcesBuildPhase section */

/* Begin PBXSourcesBuildPhase section */
		7E0A48781C89CCA30046D6DD /* Sources */ = {
			isa = PBXSourcesBuildPhase;
			buildActionMask = 2147483647;
			files = (
				7E0A48821C89CCA30046D6DD /* ViewController.swift in Sources */,
				7E0A48801C89CCA30046D6DD /* AppDelegate.swift in Sources */,
				7E0A48881C89CCA30046D6DD /* movieguideapp.xcdatamodeld in Sources */,
			);
			runOnlyForDeploymentPostprocessing = 0;
		};
/* End PBXSourcesBuildPhase section */

/* Begin PBXVariantGroup section */
		7E0A48831C89CCA30046D6DD /* Main.storyboard */ = {
			isa = PBXVariantGroup;
			children = (
				7E0A48841C89CCA30046D6DD /* Base */,
			);
			name = Main.storyboard;
			sourceTree = "<group>";
		};
		7E0A488B1C89CCA30046D6DD /* LaunchScreen.storyboard */ = {
			isa = PBXVariantGroup;
			children = (
				7E0A488C1C89CCA30046D6DD /* Base */,
			);
			name = LaunchScreen.storyboard;
			sourceTree = "<group>";
		};
/* End PBXVariantGroup section */

/* Begin XCBuildConfiguration section */
		7E0A488F1C89CCA30046D6DD /* Debug */ = {
			isa = XCBuildConfiguration;
			buildSettings = {
				ALWAYS_SEARCH_USER_PATHS = NO;
				CLANG_CXX_LANGUAGE_STANDARD = "gnu++0x";
				CLANG_CXX_LIBRARY = "libc++";
				CLANG_ENABLE_MODULES = YES;
				CLANG_ENABLE_OBJC_ARC = YES;
				CLANG_WARN_BOOL_CONVERSION = YES;
				CLANG_WARN_CONSTANT_CONVERSION = YES;
				CLANG_WARN_DIRECT_OBJC_ISA_USAGE = YES_ERROR;
				CLANG_WARN_EMPTY_BODY = YES;
				CLANG_WARN_ENUM_CONVERSION = YES;
				CLANG_WARN_INT_CONVERSION = YES;
				CLANG_WARN_OBJC_ROOT_CLASS = YES_ERROR;
				CLANG_WARN_UNREACHABLE_CODE = YES;
				CLANG_WARN__DUPLICATE_METHOD_MATCH = YES;
				"CODE_SIGN_IDENTITY[sdk=iphoneos*]" = "iPhone Developer";
				COPY_PHASE_STRIP = NO;
				DEBUG_INFORMATION_FORMAT = dwarf;
				ENABLE_STRICT_OBJC_MSGSEND = YES;
				ENABLE_TESTABILITY = YES;
				GCC_C_LANGUAGE_STANDARD = gnu99;
				GCC_DYNAMIC_NO_PIC = NO;
				GCC_NO_COMMON_BLOCKS = YES;
				GCC_OPTIMIZATION_LEVEL = 0;
				GCC_PREPROCESSOR_DEFINITIONS = (
					"DEBUG=1",
					"$(inherited)",
				);
				GCC_WARN_64_TO_32_BIT_CONVERSION = YES;
				GCC_WARN_ABOUT_RETURN_TYPE = YES_ERROR;
				GCC_WARN_UNDECLARED_SELECTOR = YES;
				GCC_WARN_UNINITIALIZED_AUTOS = YES_AGGRESSIVE;
				GCC_WARN_UNUSED_FUNCTION = YES;
				GCC_WARN_UNUSED_VARIABLE = YES;
				IPHONEOS_DEPLOYMENT_TARGET = 9.2;
				MTL_ENABLE_DEBUG_INFO = YES;
				ONLY_ACTIVE_ARCH = YES;
				SDKROOT = iphoneos;
				SWIFT_OPTIMIZATION_LEVEL = "-Onone";
			};
			name = Debug;
		};
		7E0A48901C89CCA30046D6DD /* Release */ = {
			isa = XCBuildConfiguration;
			buildSettings = {
				ALWAYS_SEARCH_USER_PATHS = NO;
				CLANG_CXX_LANGUAGE_STANDARD = "gnu++0x";
				CLANG_CXX_LIBRARY = "libc++";
				CLANG_ENABLE_MODULES = YES;
				CLANG_ENABLE_OBJC_ARC = YES;
				CLANG_WARN_BOOL_CONVERSION = YES;
				CLANG_WARN_CONSTANT_CONVERSION = YES;
				CLANG_WARN_DIRECT_OBJC_ISA_USAGE = YES_ERROR;
				CLANG_WARN_EMPTY_BODY = YES;
				CLANG_WARN_ENUM_CONVERSION = YES;
				CLANG_WARN_INT_CONVERSION = YES;
				CLANG_WARN_OBJC_ROOT_CLASS = YES_ERROR;
				CLANG_WARN_UNREACHABLE_CODE = YES;
				CLANG_WARN__DUPLICATE_METHOD_MATCH = YES;
				"CODE_SIGN_IDENTITY[sdk=iphoneos*]" = "iPhone Developer";
				COPY_PHASE_STRIP = NO;
				DEBUG_INFORMATION_FORMAT = "dwarf-with-dsym";
				ENABLE_NS_ASSERTIONS = NO;
				ENABLE_STRICT_OBJC_MSGSEND = YES;
				GCC_C_LANGUAGE_STANDARD = gnu99;
				GCC_NO_COMMON_BLOCKS = YES;
				GCC_WARN_64_TO_32_BIT_CONVERSION = YES;
				GCC_WARN_ABOUT_RETURN_TYPE = YES_ERROR;
				GCC_WARN_UNDECLARED_SELECTOR = YES;
				GCC_WARN_UNINITIALIZED_AUTOS = YES_AGGRESSIVE;
				GCC_WARN_UNUSED_FUNCTION = YES;
				GCC_WARN_UNUSED_VARIABLE = YES;
				IPHONEOS_DEPLOYMENT_TARGET = 9.2;
				MTL_ENABLE_DEBUG_INFO = NO;
				SDKROOT = iphoneos;
				VALIDATE_PRODUCT = YES;
			};
			name = Release;
		};
		7E0A48921C89CCA30046D6DD /* Debug */ = {
			isa = XCBuildConfiguration;
			buildSettings = {
				ASSETCATALOG_COMPILER_APPICON_NAME = AppIcon;
				INFOPLIST_FILE = movieguideapp/Info.plist;
				LD_RUNPATH_SEARCH_PATHS = "$(inherited) @executable_path/Frameworks";
				PRODUCT_BUNDLE_IDENTIFIER = com.veedoo.movieguideapp.movieguideapp;
				PRODUCT_NAME = "$(TARGET_NAME)";
			};
			name = Debug;
		};
		7E0A48931C89CCA30046D6DD /* Release */ = {
			isa = XCBuildConfiguration;
			buildSettings = {
				ASSETCATALOG_COMPILER_APPICON_NAME = AppIcon;
				INFOPLIST_FILE = movieguideapp/Info.plist;
				LD_RUNPATH_SEARCH_PATHS = "$(inherited) @executable_path/Frameworks";
				PRODUCT_BUNDLE_IDENTIFIER = com.veedoo.movieguideapp.movieguideapp;
				PRODUCT_NAME = "$(TARGET_NAME)";
			};
			name = Release;
		};
/* End XCBuildConfiguration section */

/* Begin XCConfigurationList section */
		7E0A48771C89CCA20046D6DD /* Build configuration list for PBXProject "movieguideapp" */ = {
			isa = XCConfigurationList;
			buildConfigurations = (
				7E0A488F1C89CCA30046D6DD /* Debug */,
				7E0A48901C89CCA30046D6DD /* Release */,
			);
			defaultConfigurationIsVisible = 0;
			defaultConfigurationName = Release;
		};
		7E0A48911C89CCA30046D6DD /* Build configuration list for PBXNativeTarget "movieguideapp" */ = {
			isa = XCConfigurationList;
			buildConfigurations = (
				7E0A48921C89CCA30046D6DD /* Debug */,
				7E0A48931C89CCA30046D6DD /* Release */,
			);
			defaultConfigurationIsVisible = 0;
		};
/* End XCConfigurationList section */

/* Begin XCVersionGroup section */
		7E0A48861C89CCA30046D6DD /* movieguideapp.xcdatamodeld */ = {
			isa = XCVersionGroup;
			children = (
				7E0A48871C89CCA30046D6DD /* movieguideapp.xcdatamodel */,
			);
			currentVersion = 7E0A48871C89CCA30046D6DD /* movieguideapp.xcdatamodel */;
			path = movieguideapp.xcdatamodeld;
			sourceTree = "<group>";
			versionGroupType = wrapper.xcdatamodel;
		};
/* End XCVersionGroup section */
	};
	rootObject = 7E0A48741C89CCA20046D6DD /* Project object */;
}
